
Microsoft Visual Studio Solution File, Format Version 12.00
# Visual Studio 15
VisualStudioVersion = 15.0.28307.102
MinimumVisualStudioVersion = 10.0.40219.1
Project("{FAE04EC0-301F-11D3-BF4B-00C04F79EFBC}") = "Modulo4", "Modulo4\Modulo4.csproj", "{2264B504-D4DD-408F-B642-218C8A41A8BB}"
EndProject
Project("{FAE04EC0-301F-11D3-BF4B-00C04F79EFBC}") = "Modulo5", "Modulo5\Modulo5.csproj", "{D7338541-DEC5-4038-AF4E-45E6A49BC0D2}"
EndProject
Project("{FAE04EC0-301F-11D3-BF4B-00C04F79EFBC}") = "Modulo6", "Modulo6\Modulo6.csproj", "{7071C7A8-890B-4B73-ADFC-F3F6DC391198}"
EndProject
Project("{FAE04EC0-301F-11D3-BF4B-00C04F79EFBC}") = "Modulo7", "Modulo7\Modulo7.csproj", "{E96BB2F1-9555-42A2-8FDA-2982C8B4E883}"
EndProject
Global
	GlobalSection(SolutionConfigurationPlatforms) = preSolution
		Debug|Any CPU = Debug|Any CPU
		Release|Any CPU = Release|Any CPU
	EndGlobalSection
	GlobalSection(ProjectConfigurationPlatforms) = postSolution
		{2264B504-D4DD-408F-B642-218C8A41A8BB}.Debug|Any CPU.ActiveCfg = Debug|Any CPU
		{2264B504-D4DD-408F-B642-218C8A41A8BB}.Debug|Any CPU.Build.0 = Debug|Any CPU
		{2264B504-D4DD-408F-B642-218C8A41A8BB}.Release|Any CPU.ActiveCfg = Release|Any CPU
		{2264B504-D4DD-408F-B642-218C8A41A8BB}.Release|Any CPU.Build.0 = Release|Any CPU
		{D7338541-DEC5-4038-AF4E-45E6A49BC0D2}.Debug|Any CPU.ActiveCfg = Debug|Any CPU
		{D7338541-DEC5-4038-AF4E-45E6A49BC0D2}.Debug|Any CPU.Build.0 = Debug|Any CPU
		{D7338541-DEC5-4038-AF4E-45E6A49BC0D2}.Release|Any CPU.ActiveCfg = Release|Any CPU
		{D7338541-DEC5-4038-AF4E-45E6A49BC0D2}.Release|Any CPU.Build.0 = Release|Any CPU
		{7071C7A8-890B-4B73-ADFC-F3F6DC391198}.Debug|Any CPU.ActiveCfg = Debug|Any CPU
		{7071C7A8-890B-4B73-ADFC-F3F6DC391198}.Debug|Any CPU.Build.0 = Debug|Any CPU
		{7071C7A8-890B-4B73-ADFC-F3F6DC391198}.Release|Any CPU.ActiveCfg = Release|Any CPU
		{7071C7A8-890B-4B73-ADFC-F3F6DC391198}.Release|Any CPU.Build.0 = Release|Any CPU
		{E96BB2F1-9555-42A2-8FDA-2982C8B4E883}.Debug|Any CPU.ActiveCfg = Debug|Any CPU
		{E96BB2F1-9555-42A2-8FDA-2982C8B4E883}.Debug|Any CPU.Build.0 = Debug|Any CPU
		{E96BB2F1-9555-42A2-8FDA-2982C8B4E883}.Release|Any CPU.ActiveCfg = Release|Any CPU
		{E96BB2F1-9555-42A2-8FDA-2982C8B4E883}.Release|Any CPU.Build.0 = Release|Any CPU
	EndGlobalSection
	GlobalSection(SolutionProperties) = preSolution
		HideSolutionNode = FALSE
	EndGlobalSection
	GlobalSection(ExtensibilityGlobals) = postSolution
		SolutionGuid = {E328AD79-05AE-423F-8A86-74D1A53BB0CA}
	EndGlobalSection
EndGlobal
